# This file is automatically @generated by Poetry and should not be changed by hand.

[[package]]
name = "kilo-subpackage1"
version = "0.1.0"
description = ""
category = "main"
optional = false
python-versions = "^3.11"
files = []
develop = true

[package.source]
type = "directory"
url = "../../lib/subpackage1"

[[package]]
name = "kilo-subpackage2"
version = "0.1.0"
description = ""
category = "main"
optional = false
python-versions = "^3.11"
files = []
develop = true

[package.source]
type = "directory"
url = "../../lib/subpackage2"

[metadata]
lock-version = "2.0"
python-versions = "^3.11"
content-hash = "326a2a150a7976792c28422b4c24f2f41b09b111388a95a7104c5a562b5a90f5"
