# This file is automatically @generated by Poetry and should not be changed by hand.

[[package]]
name = "kilo-subpackage1"
version = "0.1.0"
description = ""
category = "main"
optional = false
python-versions = "^3.11"
files = []
develop = true

[package.source]
type = "directory"
url = "../../lib/subpackage1"

[metadata]
lock-version = "2.0"
python-versions = "^3.11"
content-hash = "98bb20ad5ac59c34a8efcee3038a7f0e2d39215cc65ecaec90ac32d270ee1ace"
